// !$*UTF8*$!
{
	archiveVersion = 1;
	classes = {
	};
	objectVersion = 77;
	objects = {

/* Begin PBXBuildFile section */
		0B448FEB2E023B5000219497 /* OpenSSL in Frameworks */ = {isa = PBXBuildFile; productRef = 0B448FEA2E023B5000219497 /* OpenSSL */; };
/* End PBXBuildFile section */

/* Begin PBXContainerItemProxy section */
		0B448F032E016E3900219497 /* PBXContainerItemProxy */ = {
			isa = PBXContainerItemProxy;
			containerPortal = 0B448EE42E016E3700219497 /* Project object */;
			proxyType = 1;
			remoteGlobalIDString = 0B448EEB2E016E3700219497;
			remoteInfo = PureMVC;
		};
		0B448F0D2E016E3900219497 /* PBXContainerItemProxy */ = {
			isa = PBXContainerItemProxy;
			containerPortal = 0B448EE42E016E3700219497 /* Project object */;
			proxyType = 1;
			remoteGlobalIDString = 0B448EEB2E016E3700219497;
			remoteInfo = PureMVC;
		};
/* End PBXContainerItemProxy section */

/* Begin PBXFileReference section */
		0B448EEC2E016E3700219497 /* PureMVC.app */ = {isa = PBXFileReference; explicitFileType = wrapper.application; includeInIndex = 0; path = PureMVC.app; sourceTree = BUILT_PRODUCTS_DIR; };
		0B448F022E016E3900219497 /* PureMVCTests.xctest */ = {isa = PBXFileReference; explicitFileType = wrapper.cfbundle; includeInIndex = 0; path = PureMVCTests.xctest; sourceTree = BUILT_PRODUCTS_DIR; };
		0B448F0C2E016E3900219497 /* PureMVCUITests.xctest */ = {isa = PBXFileReference; explicitFileType = wrapper.cfbundle; includeInIndex = 0; path = PureMVCUITests.xctest; sourceTree = BUILT_PRODUCTS_DIR; };
/* End PBXFileReference section */

/* Begin PBXFileSystemSynchronizedBuildFileExceptionSet section */
		0B448F142E016E3900219497 /* Exceptions for "PureMVC" folder in "PureMVC" target */ = {
			isa = PBXFileSystemSynchronizedBuildFileExceptionSet;
			membershipExceptions = (
				Info.plist,
			);
			target = 0B448EEB2E016E3700219497 /* PureMVC */;
		};
/* End PBXFileSystemSynchronizedBuildFileExceptionSet section */

/* Begin PBXFileSystemSynchronizedRootGroup section */
		0B448EEE2E016E3700219497 /* PureMVC */ = {
			isa = PBXFileSystemSynchronizedRootGroup;
			exceptions = (
				0B448F142E016E3900219497 /* Exceptions for "PureMVC" folder in "PureMVC" target */,
			);
			path = PureMVC;
			sourceTree = "<group>";
		};
		0B448F052E016E3900219497 /* PureMVCTests */ = {
			isa = PBXFileSystemSynchronizedRootGroup;
			path = PureMVCTests;
			sourceTree = "<group>";
		};
		0B448F0F2E016E3900219497 /* PureMVCUITests */ = {
			isa = PBXFileSystemSynchronizedRootGroup;
			path = PureMVCUITests;
			sourceTree = "<group>";
		};
/* End PBXFileSystemSynchronizedRootGroup section */

/* Begin PBXFrameworksBuildPhase section */
		0B448EE92E016E3700219497 /* Frameworks */ = {
			isa = PBXFrameworksBuildPhase;
			buildActionMask = 2147483647;
			files = (
				0B448FEB2E023B5000219497 /* OpenSSL in Frameworks */,
			);
			runOnlyForDeploymentPostprocessing = 0;
		};
		0B448EFF2E016E3900219497 /* Frameworks */ = {
			isa = PBXFrameworksBuildPhase;
			buildActionMask = 2147483647;
			files = (
			);
			runOnlyForDeploymentPostprocessing = 0;
		};
		0B448F092E016E3900219497 /* Frameworks */ = {
			isa = PBXFrameworksBuildPhase;
			buildActionMask = 2147483647;
			files = (
			);
			runOnlyForDeploymentPostprocessing = 0;
		};
/* End PBXFrameworksBuildPhase section */

/* Begin PBXGroup section */
		0B448EE32E016E3700219497 = {
			isa = PBXGroup;
			children = (
				0B448EEE2E016E3700219497 /* PureMVC */,
				0B448F052E016E3900219497 /* PureMVCTests */,
				0B448F0F2E016E3900219497 /* PureMVCUITests */,
				0B448EED2E016E3700219497 /* Products */,
			);
			sourceTree = "<group>";
		};
		0B448EED2E016E3700219497 /* Products */ = {
			isa = PBXGroup;
			children = (
				0B448EEC2E016E3700219497 /* PureMVC.app */,
				0B448F022E016E3900219497 /* PureMVCTests.xctest */,
				0B448F0C2E016E3900219497 /* PureMVCUITests.xctest */,
			);
			name = Products;
			sourceTree = "<group>";
		};
/* End PBXGroup section */

/* Begin PBXNativeTarget section */
		0B448EEB2E016E3700219497 /* PureMVC */ = {
			isa = PBXNativeTarget;
			buildConfigurationList = 0B448F152E016E3900219497 /* Build configuration list for PBXNativeTarget "PureMVC" */;
			buildPhases = (
				0B448EE82E016E3700219497 /* Sources */,
				0B448EE92E016E3700219497 /* Frameworks */,
				0B448EEA2E016E3700219497 /* Resources */,
			);
			buildRules = (
			);
			dependencies = (
			);
			fileSystemSynchronizedGroups = (
				0B448EEE2E016E3700219497 /* PureMVC */,
			);
			name = PureMVC;
			packageProductDependencies = (
				0B448FEA2E023B5000219497 /* OpenSSL */,
			);
			productName = PureMVC;
			productReference = 0B448EEC2E016E3700219497 /* PureMVC.app */;
			productType = "com.apple.product-type.application";
		};
		0B448F012E016E3900219497 /* PureMVCTests */ = {
			isa = PBXNativeTarget;
			buildConfigurationList = 0B448F1A2E016E3900219497 /* Build configuration list for PBXNativeTarget "PureMVCTests" */;
			buildPhases = (
				0B448EFE2E016E3900219497 /* Sources */,
				0B448EFF2E016E3900219497 /* Frameworks */,
				0B448F002E016E3900219497 /* Resources */,
			);
			buildRules = (
			);
			dependencies = (
				0B448F042E016E3900219497 /* PBXTargetDependency */,
			);
			fileSystemSynchronizedGroups = (
				0B448F052E016E3900219497 /* PureMVCTests */,
			);
			name = PureMVCTests;
			packageProductDependencies = (
			);
			productName = PureMVCTests;
			productReference = 0B448F022E016E3900219497 /* PureMVCTests.xctest */;
			productType = "com.apple.product-type.bundle.unit-test";
		};
		0B448F0B2E016E3900219497 /* PureMVCUITests */ = {
			isa = PBXNativeTarget;
			buildConfigurationList = 0B448F1D2E016E3900219497 /* Build configuration list for PBXNativeTarget "PureMVCUITests" */;
			buildPhases = (
				0B448F082E016E3900219497 /* Sources */,
				0B448F092E016E3900219497 /* Frameworks */,
				0B448F0A2E016E3900219497 /* Resources */,
			);
			buildRules = (
			);
			dependencies = (
				0B448F0E2E016E3900219497 /* PBXTargetDependency */,
			);
			fileSystemSynchronizedGroups = (
				0B448F0F2E016E3900219497 /* PureMVCUITests */,
			);
			name = PureMVCUITests;
			packageProductDependencies = (
			);
			productName = PureMVCUITests;
			productReference = 0B448F0C2E016E3900219497 /* PureMVCUITests.xctest */;
			productType = "com.apple.product-type.bundle.ui-testing";
		};
/* End PBXNativeTarget section */

/* Begin PBXProject section */
		0B448EE42E016E3700219497 /* Project object */ = {
			isa = PBXProject;
			attributes = {
				BuildIndependentTargetsInParallel = 1;
				LastSwiftUpdateCheck = 1640;
				LastUpgradeCheck = 1640;
				TargetAttributes = {
					0B448EEB2E016E3700219497 = {
						CreatedOnToolsVersion = 16.4;
						LastSwiftMigration = 1640;
					};
					0B448F012E016E3900219497 = {
						CreatedOnToolsVersion = 16.4;
						TestTargetID = 0B448EEB2E016E3700219497;
					};
					0B448F0B2E016E3900219497 = {
						CreatedOnToolsVersion = 16.4;
						TestTargetID = 0B448EEB2E016E3700219497;
					};
				};
			};
			buildConfigurationList = 0B448EE72E016E3700219497 /* Build configuration list for PBXProject "PureMVC" */;
			developmentRegion = en;
			hasScannedForEncodings = 0;
			knownRegions = (
				en,
				Base,
			);
			mainGroup = 0B448EE32E016E3700219497;
			minimizedProjectReferenceProxies = 1;
			packageReferences = (
				0B448FE92E023B5000219497 /* XCRemoteSwiftPackageReference "OpenSSL-Package" */,
			);
			preferredProjectObjectVersion = 77;
			productRefGroup = 0B448EED2E016E3700219497 /* Products */;
			projectDirPath = "";
			projectRoot = "";
			targets = (
				0B448EEB2E016E3700219497 /* PureMVC */,
				0B448F012E016E3900219497 /* PureMVCTests */,
				0B448F0B2E016E3900219497 /* PureMVCUITests */,
			);
		};
/* End PBXProject section */

/* Begin PBXResourcesBuildPhase section */
		0B448EEA2E016E3700219497 /* Resources */ = {
			isa = PBXResourcesBuildPhase;
			buildActionMask = 2147483647;
			files = (
			);
			runOnlyForDeploymentPostprocessing = 0;
		};
		0B448F002E016E3900219497 /* Resources */ = {
			isa = PBXResourcesBuildPhase;
			buildActionMask = 2147483647;
			files = (
			);
			runOnlyForDeploymentPostprocessing = 0;
		};
		0B448F0A2E016E3900219497 /* Resources */ = {
			isa = PBXResourcesBuildPhase;
			buildActionMask = 2147483647;
			files = (
			);
			runOnlyForDeploymentPostprocessing = 0;
		};
/* End PBXResourcesBuildPhase section */

/* Begin PBXSourcesBuildPhase section */
		0B448EE82E016E3700219497 /* Sources */ = {
			isa = PBXSourcesBuildPhase;
			buildActionMask = 2147483647;
			files = (
			);
			runOnlyForDeploymentPostprocessing = 0;
		};
		0B448EFE2E016E3900219497 /* Sources */ = {
			isa = PBXSourcesBuildPhase;
			buildActionMask = 2147483647;
			files = (
			);
			runOnlyForDeploymentPostprocessing = 0;
		};
		0B448F082E016E3900219497 /* Sources */ = {
			isa = PBXSourcesBuildPhase;
			buildActionMask = 2147483647;
			files = (
			);
			runOnlyForDeploymentPostprocessing = 0;
		};
/* End PBXSourcesBuildPhase section */

/* Begin PBXTargetDependency section */
		0B448F042E016E3900219497 /* PBXTargetDependency */ = {
			isa = PBXTargetDependency;
			target = 0B448EEB2E016E3700219497 /* PureMVC */;
			targetProxy = 0B448F032E016E3900219497 /* PBXContainerItemProxy */;
		};
		0B448F0E2E016E3900219497 /* PBXTargetDependency */ = {
			isa = PBXTargetDependency;
			target = 0B448EEB2E016E3700219497 /* PureMVC */;
			targetProxy = 0B448F0D2E016E3900219497 /* PBXContainerItemProxy */;
		};
/* End PBXTargetDependency section */

/* Begin XCBuildConfiguration section */
		0B448F162E016E3900219497 /* Debug */ = {
			isa = XCBuildConfiguration;
			buildSettings = {
				ASSETCATALOG_COMPILER_APPICON_NAME = AppIcon;
				ASSETCATALOG_COMPILER_GLOBAL_ACCENT_COLOR_NAME = AccentColor;
				CLANG_CXX_LANGUAGE_STANDARD = "gnu++0x";
				CLANG_ENABLE_MODULES = YES;
				CODE_SIGN_STYLE = Automatic;
				CURRENT_PROJECT_VERSION = 1;
				DEVELOPMENT_TEAM = EA55T84SX3;
				GENERATE_INFOPLIST_FILE = YES;
				HEADER_SEARCH_PATHS = "$(PROJECT_DIR)/PureMVC/Libs/include/**";
				INFOPLIST_FILE = PureMVC/Info.plist;
				INFOPLIST_KEY_UIApplicationSupportsIndirectInputEvents = YES;
				INFOPLIST_KEY_UILaunchStoryboardName = LaunchScreen;
				INFOPLIST_KEY_UIMainStoryboardFile = Main;
				INFOPLIST_KEY_UISupportedInterfaceOrientations_iPad = "UIInterfaceOrientationPortrait UIInterfaceOrientationPortraitUpsideDown UIInterfaceOrientationLandscapeLeft UIInterfaceOrientationLandscapeRight";
				INFOPLIST_KEY_UISupportedInterfaceOrientations_iPhone = "UIInterfaceOrientationPortrait UIInterfaceOrientationLandscapeLeft UIInterfaceOrientationLandscapeRight";
				IPHONEOS_DEPLOYMENT_TARGET = 13.0;
				LD_RUNPATH_SEARCH_PATHS = (
					"$(inherited)",
					"@executable_path/Frameworks",
				);
				LIBRARY_SEARCH_PATHS = (
					"$(inherited)",
					"$(PROJECT_DIR)/PureMVC/Libs",
				);
				MARKETING_VERSION = 1.0;
				OTHER_CPLUSPLUSFLAGS = (
					"$(OTHER_CFLAGS)",
					"-std=c++11",
					"-frtti",
				);
				OTHER_LDFLAGS = "";
				PRODUCT_BUNDLE_IDENTIFIER = codetoanbug.PureMVC;
				PRODUCT_NAME = "$(TARGET_NAME)";
				SWIFT_EMIT_LOC_STRINGS = YES;
				SWIFT_OBJC_BRIDGING_HEADER = "PureMVC/PureMVC-Bridging-Header.h";
				SWIFT_OPTIMIZATION_LEVEL = "-Onone";
				SWIFT_VERSION = 5.0;
				TARGETED_DEVICE_FAMILY = "1,2";
			};
			name = Debug;
		};
		0B448F172E016E3900219497 /* Release */ = {
			isa = XCBuildConfiguration;
			buildSettings = {
				ASSETCATALOG_COMPILER_APPICON_NAME = AppIcon;
				ASSETCATALOG_COMPILER_GLOBAL_ACCENT_COLOR_NAME = AccentColor;
				CLANG_CXX_LANGUAGE_STANDARD = "gnu++0x";
				CLANG_ENABLE_MODULES = YES;
				CODE_SIGN_STYLE = Automatic;
				CURRENT_PROJECT_VERSION = 1;
				DEVELOPMENT_TEAM = EA55T84SX3;
				GENERATE_INFOPLIST_FILE = YES;
				HEADER_SEARCH_PATHS = "$(PROJECT_DIR)/PureMVC/Libs/include/**";
				INFOPLIST_FILE = PureMVC/Info.plist;
				INFOPLIST_KEY_UIApplicationSupportsIndirectInputEvents = YES;
				INFOPLIST_KEY_UILaunchStoryboardName = LaunchScreen;
				INFOPLIST_KEY_UIMainStoryboardFile = Main;
				INFOPLIST_KEY_UISupportedInterfaceOrientations_iPad = "UIInterfaceOrientationPortrait UIInterfaceOrientationPortraitUpsideDown UIInterfaceOrientationLandscapeLeft UIInterfaceOrientationLandscapeRight";
				INFOPLIST_KEY_UISupportedInterfaceOrientations_iPhone = "UIInterfaceOrientationPortrait UIInterfaceOrientationLandscapeLeft UIInterfaceOrientationLandscapeRight";
				IPHONEOS_DEPLOYMENT_TARGET = 13.0;
				LD_RUNPATH_SEARCH_PATHS = (
					"$(inherited)",
					"@executable_path/Frameworks",
				);
				LIBRARY_SEARCH_PATHS = (
					"$(inherited)",
					"$(PROJECT_DIR)/PureMVC/Libs",
				);
				MARKETING_VERSION = 1.0;
				OTHER_CPLUSPLUSFLAGS = (
					"$(OTHER_CFLAGS)",
					"-std=c++11",
					"-frtti",
				);
				OTHER_LDFLAGS = "";
				PRODUCT_BUNDLE_IDENTIFIER = codetoanbug.PureMVC;
				PRODUCT_NAME = "$(TARGET_NAME)";
				SWIFT_EMIT_LOC_STRINGS = YES;
				SWIFT_OBJC_BRIDGING_HEADER = "PureMVC/PureMVC-Bridging-Header.h";
				SWIFT_VERSION = 5.0;
				TARGETED_DEVICE_FAMILY = "1,2";
			};
			name = Release;
		};
		0B448F182E016E3900219497 /* Debug */ = {
			isa = XCBuildConfiguration;
			buildSettings = {
				ALWAYS_SEARCH_USER_PATHS = NO;
				ASSETCATALOG_COMPILER_GENERATE_SWIFT_ASSET_SYMBOL_EXTENSIONS = YES;
				CLANG_ANALYZER_NONNULL = YES;
				CLANG_ANALYZER_NUMBER_OBJECT_CONVERSION = YES_AGGRESSIVE;
				CLANG_CXX_LANGUAGE_STANDARD = "gnu++20";
				CLANG_ENABLE_MODULES = YES;
				CLANG_ENABLE_OBJC_ARC = YES;
				CLANG_ENABLE_OBJC_WEAK = YES;
				CLANG_WARN_BLOCK_CAPTURE_AUTORELEASING = YES;
				CLANG_WARN_BOOL_CONVERSION = YES;
				CLANG_WARN_COMMA = YES;
				CLANG_WARN_CONSTANT_CONVERSION = YES;
				CLANG_WARN_DEPRECATED_OBJC_IMPLEMENTATIONS = YES;
				CLANG_WARN_DIRECT_OBJC_ISA_USAGE = YES_ERROR;
				CLANG_WARN_DOCUMENTATION_COMMENTS = YES;
				CLANG_WARN_EMPTY_BODY = YES;
				CLANG_WARN_ENUM_CONVERSION = YES;
				CLANG_WARN_INFINITE_RECURSION = YES;
				CLANG_WARN_INT_CONVERSION = YES;
				CLANG_WARN_NON_LITERAL_NULL_CONVERSION = YES;
				CLANG_WARN_OBJC_IMPLICIT_RETAIN_SELF = YES;
				CLANG_WARN_OBJC_LITERAL_CONVERSION = YES;
				CLANG_WARN_OBJC_ROOT_CLASS = YES_ERROR;
				CLANG_WARN_QUOTED_INCLUDE_IN_FRAMEWORK_HEADER = YES;
				CLANG_WARN_RANGE_LOOP_ANALYSIS = YES;
				CLANG_WARN_STRICT_PROTOTYPES = YES;
				CLANG_WARN_SUSPICIOUS_MOVE = YES;
				CLANG_WARN_UNGUARDED_AVAILABILITY = YES_AGGRESSIVE;
				CLANG_WARN_UNREACHABLE_CODE = YES;
				CLANG_WARN__DUPLICATE_METHOD_MATCH = YES;
				COPY_PHASE_STRIP = NO;
				DEBUG_INFORMATION_FORMAT = dwarf;
				DEVELOPMENT_TEAM = EA55T84SX3;
				ENABLE_STRICT_OBJC_MSGSEND = YES;
				ENABLE_TESTABILITY = YES;
				ENABLE_USER_SCRIPT_SANDBOXING = YES;
				GCC_C_LANGUAGE_STANDARD = gnu17;
				GCC_DYNAMIC_NO_PIC = NO;
				GCC_NO_COMMON_BLOCKS = YES;
				GCC_OPTIMIZATION_LEVEL = 0;
				GCC_PREPROCESSOR_DEFINITIONS = (
					"DEBUG=1",
					"$(inherited)",
				);
				GCC_WARN_64_TO_32_BIT_CONVERSION = YES;
				GCC_WARN_ABOUT_RETURN_TYPE = YES_ERROR;
				GCC_WARN_UNDECLARED_SELECTOR = YES;
				GCC_WARN_UNINITIALIZED_AUTOS = YES_AGGRESSIVE;
				GCC_WARN_UNUSED_FUNCTION = YES;
				GCC_WARN_UNUSED_VARIABLE = YES;
				IPHONEOS_DEPLOYMENT_TARGET = 18.5;
				LOCALIZATION_PREFERS_STRING_CATALOGS = YES;
				MTL_ENABLE_DEBUG_INFO = INCLUDE_SOURCE;
				MTL_FAST_MATH = YES;
				ONLY_ACTIVE_ARCH = YES;
				SDKROOT = iphoneos;
				SWIFT_ACTIVE_COMPILATION_CONDITIONS = "DEBUG $(inherited)";
				SWIFT_OPTIMIZATION_LEVEL = "-Onone";
			};
			name = Debug;
		};
		0B448F192E016E3900219497 /* Release */ = {
			isa = XCBuildConfiguration;
			buildSettings = {
				ALWAYS_SEARCH_USER_PATHS = NO;
				ASSETCATALOG_COMPILER_GENERATE_SWIFT_ASSET_SYMBOL_EXTENSIONS = YES;
				CLANG_ANALYZER_NONNULL = YES;
				CLANG_ANALYZER_NUMBER_OBJECT_CONVERSION = YES_AGGRESSIVE;
				CLANG_CXX_LANGUAGE_STANDARD = "gnu++20";
				CLANG_ENABLE_MODULES = YES;
				CLANG_ENABLE_OBJC_ARC = YES;
				CLANG_ENABLE_OBJC_WEAK = YES;
				CLANG_WARN_BLOCK_CAPTURE_AUTORELEASING = YES;
				CLANG_WARN_BOOL_CONVERSION = YES;
				CLANG_WARN_COMMA = YES;
				CLANG_WARN_CONSTANT_CONVERSION = YES;
				CLANG_WARN_DEPRECATED_OBJC_IMPLEMENTATIONS = YES;
				CLANG_WARN_DIRECT_OBJC_ISA_USAGE = YES_ERROR;
				CLANG_WARN_DOCUMENTATION_COMMENTS = YES;
				CLANG_WARN_EMPTY_BODY = YES;
				CLANG_WARN_ENUM_CONVERSION = YES;
				CLANG_WARN_INFINITE_RECURSION = YES;
				CLANG_WARN_INT_CONVERSION = YES;
				CLANG_WARN_NON_LITERAL_NULL_CONVERSION = YES;
				CLANG_WARN_OBJC_IMPLICIT_RETAIN_SELF = YES;
				CLANG_WARN_OBJC_LITERAL_CONVERSION = YES;
				CLANG_WARN_OBJC_ROOT_CLASS = YES_ERROR;
				CLANG_WARN_QUOTED_INCLUDE_IN_FRAMEWORK_HEADER = YES;
				CLANG_WARN_RANGE_LOOP_ANALYSIS = YES;
				CLANG_WARN_STRICT_PROTOTYPES = YES;
				CLANG_WARN_SUSPICIOUS_MOVE = YES;
				CLANG_WARN_UNGUARDED_AVAILABILITY = YES_AGGRESSIVE;
				CLANG_WARN_UNREACHABLE_CODE = YES;
				CLANG_WARN__DUPLICATE_METHOD_MATCH = YES;
				COPY_PHASE_STRIP = NO;
				DEBUG_INFORMATION_FORMAT = "dwarf-with-dsym";
				DEVELOPMENT_TEAM = EA55T84SX3;
				ENABLE_NS_ASSERTIONS = NO;
				ENABLE_STRICT_OBJC_MSGSEND = YES;
				ENABLE_USER_SCRIPT_SANDBOXING = YES;
				GCC_C_LANGUAGE_STANDARD = gnu17;
				GCC_NO_COMMON_BLOCKS = YES;
				GCC_WARN_64_TO_32_BIT_CONVERSION = YES;
				GCC_WARN_ABOUT_RETURN_TYPE = YES_ERROR;
				GCC_WARN_UNDECLARED_SELECTOR = YES;
				GCC_WARN_UNINITIALIZED_AUTOS = YES_AGGRESSIVE;
				GCC_WARN_UNUSED_FUNCTION = YES;
				GCC_WARN_UNUSED_VARIABLE = YES;
				IPHONEOS_DEPLOYMENT_TARGET = 18.5;
				LOCALIZATION_PREFERS_STRING_CATALOGS = YES;
				MTL_ENABLE_DEBUG_INFO = NO;
				MTL_FAST_MATH = YES;
				SDKROOT = iphoneos;
				SWIFT_COMPILATION_MODE = wholemodule;
				VALIDATE_PRODUCT = YES;
			};
			name = Release;
		};
		0B448F1B2E016E3900219497 /* Debug */ = {
			isa = XCBuildConfiguration;
			buildSettings = {
				BUNDLE_LOADER = "$(TEST_HOST)";
				CODE_SIGN_STYLE = Automatic;
				CURRENT_PROJECT_VERSION = 1;
				DEVELOPMENT_TEAM = EA55T84SX3;
				GENERATE_INFOPLIST_FILE = YES;
				IPHONEOS_DEPLOYMENT_TARGET = 18.5;
				MARKETING_VERSION = 1.0;
				PRODUCT_BUNDLE_IDENTIFIER = codetoanbug.PureMVCTests;
				PRODUCT_NAME = "$(TARGET_NAME)";
				SWIFT_EMIT_LOC_STRINGS = NO;
				SWIFT_VERSION = 5.0;
				TARGETED_DEVICE_FAMILY = "1,2";
				TEST_HOST = "$(BUILT_PRODUCTS_DIR)/PureMVC.app/$(BUNDLE_EXECUTABLE_FOLDER_PATH)/PureMVC";
			};
			name = Debug;
		};
		0B448F1C2E016E3900219497 /* Release */ = {
			isa = XCBuildConfiguration;
			buildSettings = {
				BUNDLE_LOADER = "$(TEST_HOST)";
				CODE_SIGN_STYLE = Automatic;
				CURRENT_PROJECT_VERSION = 1;
				DEVELOPMENT_TEAM = EA55T84SX3;
				GENERATE_INFOPLIST_FILE = YES;
				IPHONEOS_DEPLOYMENT_TARGET = 18.5;
				MARKETING_VERSION = 1.0;
				PRODUCT_BUNDLE_IDENTIFIER = codetoanbug.PureMVCTests;
				PRODUCT_NAME = "$(TARGET_NAME)";
				SWIFT_EMIT_LOC_STRINGS = NO;
				SWIFT_VERSION = 5.0;
				TARGETED_DEVICE_FAMILY = "1,2";
				TEST_HOST = "$(BUILT_PRODUCTS_DIR)/PureMVC.app/$(BUNDLE_EXECUTABLE_FOLDER_PATH)/PureMVC";
			};
			name = Release;
		};
		0B448F1E2E016E3900219497 /* Debug */ = {
			isa = XCBuildConfiguration;
			buildSettings = {
				CODE_SIGN_STYLE = Automatic;
				CURRENT_PROJECT_VERSION = 1;
				DEVELOPMENT_TEAM = EA55T84SX3;
				GENERATE_INFOPLIST_FILE = YES;
				MARKETING_VERSION = 1.0;
				PRODUCT_BUNDLE_IDENTIFIER = codetoanbug.PureMVCUITests;
				PRODUCT_NAME = "$(TARGET_NAME)";
				SWIFT_EMIT_LOC_STRINGS = NO;
				SWIFT_VERSION = 5.0;
				TARGETED_DEVICE_FAMILY = "1,2";
				TEST_TARGET_NAME = PureMVC;
			};
			name = Debug;
		};
		0B448F1F2E016E3900219497 /* Release */ = {
			isa = XCBuildConfiguration;
			buildSettings = {
				CODE_SIGN_STYLE = Automatic;
				CURRENT_PROJECT_VERSION = 1;
				DEVELOPMENT_TEAM = EA55T84SX3;
				GENERATE_INFOPLIST_FILE = YES;
				MARKETING_VERSION = 1.0;
				PRODUCT_BUNDLE_IDENTIFIER = codetoanbug.PureMVCUITests;
				PRODUCT_NAME = "$(TARGET_NAME)";
				SWIFT_EMIT_LOC_STRINGS = NO;
				SWIFT_VERSION = 5.0;
				TARGETED_DEVICE_FAMILY = "1,2";
				TEST_TARGET_NAME = PureMVC;
			};
			name = Release;
		};
/* End XCBuildConfiguration section */

/* Begin XCConfigurationList section */
		0B448EE72E016E3700219497 /* Build configuration list for PBXProject "PureMVC" */ = {
			isa = XCConfigurationList;
			buildConfigurations = (
				0B448F182E016E3900219497 /* Debug */,
				0B448F192E016E3900219497 /* Release */,
			);
			defaultConfigurationIsVisible = 0;
			defaultConfigurationName = Release;
		};
		0B448F152E016E3900219497 /* Build configuration list for PBXNativeTarget "PureMVC" */ = {
			isa = XCConfigurationList;
			buildConfigurations = (
				0B448F162E016E3900219497 /* Debug */,
				0B448F172E016E3900219497 /* Release */,
			);
			defaultConfigurationIsVisible = 0;
			defaultConfigurationName = Release;
		};
		0B448F1A2E016E3900219497 /* Build configuration list for PBXNativeTarget "PureMVCTests" */ = {
			isa = XCConfigurationList;
			buildConfigurations = (
				0B448F1B2E016E3900219497 /* Debug */,
				0B448F1C2E016E3900219497 /* Release */,
			);
			defaultConfigurationIsVisible = 0;
			defaultConfigurationName = Release;
		};
		0B448F1D2E016E3900219497 /* Build configuration list for PBXNativeTarget "PureMVCUITests" */ = {
			isa = XCConfigurationList;
			buildConfigurations = (
				0B448F1E2E016E3900219497 /* Debug */,
				0B448F1F2E016E3900219497 /* Release */,
			);
			defaultConfigurationIsVisible = 0;
			defaultConfigurationName = Release;
		};
/* End XCConfigurationList section */

/* Begin XCRemoteSwiftPackageReference section */
		0B448FE92E023B5000219497 /* XCRemoteSwiftPackageReference "OpenSSL-Package" */ = {
			isa = XCRemoteSwiftPackageReference;
			repositoryURL = "https://github.com/krzyzanowskim/OpenSSL-Package.git";
			requirement = {
				kind = upToNextMajorVersion;
				minimumVersion = 3.3.3001;
			};
		};
/* End XCRemoteSwiftPackageReference section */

/* Begin XCSwiftPackageProductDependency section */
		0B448FEA2E023B5000219497 /* OpenSSL */ = {
			isa = XCSwiftPackageProductDependency;
			package = 0B448FE92E023B5000219497 /* XCRemoteSwiftPackageReference "OpenSSL-Package" */;
			productName = OpenSSL;
		};
/* End XCSwiftPackageProductDependency section */
	};
	rootObject = 0B448EE42E016E3700219497 /* Project object */;
}
